
Microsoft Visual Studio Solution File, Format Version 12.00
# Visual Studio Version 16
VisualStudioVersion = 16.0.32413.511
MinimumVisualStudioVersion = 10.0.40219.1
Project("{FAE04EC0-301F-11D3-BF4B-00C04F79EFBC}") = "DotaMobilApi.Android", "DotaMobilApi\DotaMobilApi.Android\DotaMobilApi.Android.csproj", "{963EB58A-1881-4A9A-B681-882D2E78C27A}"
EndProject
Project("{FAE04EC0-301F-11D3-BF4B-00C04F79EFBC}") = "DotaMobilApi.iOS", "DotaMobilApi\DotaMobilApi.iOS\DotaMobilApi.iOS.csproj", "{74F6BC85-DD5B-4D2E-8769-89613CA7D11B}"
EndProject
Project("{FAE04EC0-301F-11D3-BF4B-00C04F79EFBC}") = "DotaMobilApi", "DotaMobilApi\DotaMobilApi\DotaMobilApi.csproj", "{809DFA9B-A02F-4D6D-9869-5505CE5C356C}"
EndProject
Global
	GlobalSection(SolutionConfigurationPlatforms) = preSolution
		Debug|Any CPU = Debug|Any CPU
		Debug|iPhone = Debug|iPhone
		Debug|iPhoneSimulator = Debug|iPhoneSimulator
		Release|Any CPU = Release|Any CPU
		Release|iPhone = Release|iPhone
		Release|iPhoneSimulator = Release|iPhoneSimulator
	EndGlobalSection
	GlobalSection(ProjectConfigurationPlatforms) = postSolution
		{963EB58A-1881-4A9A-B681-882D2E78C27A}.Debug|Any CPU.ActiveCfg = Debug|Any CPU
		{963EB58A-1881-4A9A-B681-882D2E78C27A}.Debug|Any CPU.Build.0 = Debug|Any CPU
		{963EB58A-1881-4A9A-B681-882D2E78C27A}.Debug|Any CPU.Deploy.0 = Debug|Any CPU
		{963EB58A-1881-4A9A-B681-882D2E78C27A}.Debug|iPhone.ActiveCfg = Debug|Any CPU
		{963EB58A-1881-4A9A-B681-882D2E78C27A}.Debug|iPhone.Build.0 = Debug|Any CPU
		{963EB58A-1881-4A9A-B681-882D2E78C27A}.Debug|iPhone.Deploy.0 = Debug|Any CPU
		{963EB58A-1881-4A9A-B681-882D2E78C27A}.Debug|iPhoneSimulator.ActiveCfg = Debug|Any CPU
		{963EB58A-1881-4A9A-B681-882D2E78C27A}.Debug|iPhoneSimulator.Build.0 = Debug|Any CPU
		{963EB58A-1881-4A9A-B681-882D2E78C27A}.Debug|iPhoneSimulator.Deploy.0 = Debug|Any CPU
		{963EB58A-1881-4A9A-B681-882D2E78C27A}.Release|Any CPU.ActiveCfg = Release|Any CPU
		{963EB58A-1881-4A9A-B681-882D2E78C27A}.Release|Any CPU.Build.0 = Release|Any CPU
		{963EB58A-1881-4A9A-B681-882D2E78C27A}.Release|Any CPU.Deploy.0 = Release|Any CPU
		{963EB58A-1881-4A9A-B681-882D2E78C27A}.Release|iPhone.ActiveCfg = Release|Any CPU
		{963EB58A-1881-4A9A-B681-882D2E78C27A}.Release|iPhone.Build.0 = Release|Any CPU
		{963EB58A-1881-4A9A-B681-882D2E78C27A}.Release|iPhone.Deploy.0 = Release|Any CPU
		{963EB58A-1881-4A9A-B681-882D2E78C27A}.Release|iPhoneSimulator.ActiveCfg = Release|Any CPU
		{963EB58A-1881-4A9A-B681-882D2E78C27A}.Release|iPhoneSimulator.Build.0 = Release|Any CPU
		{963EB58A-1881-4A9A-B681-882D2E78C27A}.Release|iPhoneSimulator.Deploy.0 = Release|Any CPU
		{74F6BC85-DD5B-4D2E-8769-89613CA7D11B}.Debug|Any CPU.ActiveCfg = Debug|iPhone
		{74F6BC85-DD5B-4D2E-8769-89613CA7D11B}.Debug|Any CPU.Build.0 = Debug|iPhone
		{74F6BC85-DD5B-4D2E-8769-89613CA7D11B}.Debug|Any CPU.Deploy.0 = Debug|iPhone
		{74F6BC85-DD5B-4D2E-8769-89613CA7D11B}.Debug|iPhone.ActiveCfg = Debug|iPhone
		{74F6BC85-DD5B-4D2E-8769-89613CA7D11B}.Debug|iPhone.Build.0 = Debug|iPhone
		{74F6BC85-DD5B-4D2E-8769-89613CA7D11B}.Debug|iPhone.Deploy.0 = Debug|iPhone
		{74F6BC85-DD5B-4D2E-8769-89613CA7D11B}.Debug|iPhoneSimulator.ActiveCfg = Debug|iPhoneSimulator
		{74F6BC85-DD5B-4D2E-8769-89613CA7D11B}.Debug|iPhoneSimulator.Build.0 = Debug|iPhoneSimulator
		{74F6BC85-DD5B-4D2E-8769-89613CA7D11B}.Debug|iPhoneSimulator.Deploy.0 = Debug|iPhoneSimulator
		{74F6BC85-DD5B-4D2E-8769-89613CA7D11B}.Release|Any CPU.ActiveCfg = Release|iPhoneSimulator
		{74F6BC85-DD5B-4D2E-8769-89613CA7D11B}.Release|Any CPU.Build.0 = Release|iPhoneSimulator
		{74F6BC85-DD5B-4D2E-8769-89613CA7D11B}.Release|Any CPU.Deploy.0 = Release|iPhoneSimulator
		{74F6BC85-DD5B-4D2E-8769-89613CA7D11B}.Release|iPhone.ActiveCfg = Release|iPhone
		{74F6BC85-DD5B-4D2E-8769-89613CA7D11B}.Release|iPhone.Build.0 = Release|iPhone
		{74F6BC85-DD5B-4D2E-8769-89613CA7D11B}.Release|iPhone.Deploy.0 = Release|iPhone
		{74F6BC85-DD5B-4D2E-8769-89613CA7D11B}.Release|iPhoneSimulator.ActiveCfg = Release|iPhoneSimulator
		{74F6BC85-DD5B-4D2E-8769-89613CA7D11B}.Release|iPhoneSimulator.Build.0 = Release|iPhoneSimulator
		{74F6BC85-DD5B-4D2E-8769-89613CA7D11B}.Release|iPhoneSimulator.Deploy.0 = Release|iPhoneSimulator
		{809DFA9B-A02F-4D6D-9869-5505CE5C356C}.Debug|Any CPU.ActiveCfg = Debug|Any CPU
		{809DFA9B-A02F-4D6D-9869-5505CE5C356C}.Debug|Any CPU.Build.0 = Debug|Any CPU
		{809DFA9B-A02F-4D6D-9869-5505CE5C356C}.Debug|Any CPU.Deploy.0 = Debug|Any CPU
		{809DFA9B-A02F-4D6D-9869-5505CE5C356C}.Debug|iPhone.ActiveCfg = Debug|Any CPU
		{809DFA9B-A02F-4D6D-9869-5505CE5C356C}.Debug|iPhone.Build.0 = Debug|Any CPU
		{809DFA9B-A02F-4D6D-9869-5505CE5C356C}.Debug|iPhone.Deploy.0 = Debug|Any CPU
		{809DFA9B-A02F-4D6D-9869-5505CE5C356C}.Debug|iPhoneSimulator.ActiveCfg = Debug|Any CPU
		{809DFA9B-A02F-4D6D-9869-5505CE5C356C}.Debug|iPhoneSimulator.Build.0 = Debug|Any CPU
		{809DFA9B-A02F-4D6D-9869-5505CE5C356C}.Debug|iPhoneSimulator.Deploy.0 = Debug|Any CPU
		{809DFA9B-A02F-4D6D-9869-5505CE5C356C}.Release|Any CPU.ActiveCfg = Release|Any CPU
		{809DFA9B-A02F-4D6D-9869-5505CE5C356C}.Release|Any CPU.Build.0 = Release|Any CPU
		{809DFA9B-A02F-4D6D-9869-5505CE5C356C}.Release|Any CPU.Deploy.0 = Release|Any CPU
		{809DFA9B-A02F-4D6D-9869-5505CE5C356C}.Release|iPhone.ActiveCfg = Release|Any CPU
		{809DFA9B-A02F-4D6D-9869-5505CE5C356C}.Release|iPhone.Build.0 = Release|Any CPU
		{809DFA9B-A02F-4D6D-9869-5505CE5C356C}.Release|iPhone.Deploy.0 = Release|Any CPU
		{809DFA9B-A02F-4D6D-9869-5505CE5C356C}.Release|iPhoneSimulator.ActiveCfg = Release|Any CPU
		{809DFA9B-A02F-4D6D-9869-5505CE5C356C}.Release|iPhoneSimulator.Build.0 = Release|Any CPU
		{809DFA9B-A02F-4D6D-9869-5505CE5C356C}.Release|iPhoneSimulator.Deploy.0 = Release|Any CPU
	EndGlobalSection
	GlobalSection(SolutionProperties) = preSolution
		HideSolutionNode = FALSE
	EndGlobalSection
	GlobalSection(ExtensibilityGlobals) = postSolution
		SolutionGuid = {9407FD06-8ECD-4AF9-BB79-3CC84EB21A7F}
	EndGlobalSection
EndGlobal
